
Microsoft Visual Studio Solution File, Format Version 12.00
Project("{FAE04EC0-301F-11D3-BF4B-00C04F79EFBC}") = "Hub", "src\Hub\Hub.csproj", "{BCC54F37-9208-4BA5-91BF-9EAE18BB6760}"
EndProject
Project("{FAE04EC0-301F-11D3-BF4B-00C04F79EFBC}") = "Infrastructure", "src\Infrastructure\Infrastructure.csproj", "{9AC9B8B8-8F0A-4AD4-A10F-C5030CD2B45F}"
EndProject
Project("{FAE04EC0-301F-11D3-BF4B-00C04F79EFBC}") = "Application", "src\Application\Application.csproj", "{95ECF0C4-2905-4152-8DDD-10615AF7F0DB}"
EndProject
Project("{FAE04EC0-301F-11D3-BF4B-00C04F79EFBC}") = "Models", "src\Models\Models.csproj", "{EBCFFBA5-2CF2-449A-AB37-6023C971F75B}"
EndProject
Project("{2150E333-8FDC-42A3-9474-1A3956D46DE8}") = "src", "src", "{D2A4CF1C-A976-4B16-B129-E7FFFA03ED88}"
EndProject
Project("{2150E333-8FDC-42A3-9474-1A3956D46DE8}") = "tests", "tests", "{E176A43B-5EA6-4E91-98E3-F0307A3717CE}"
EndProject
Project("{FAE04EC0-301F-11D3-BF4B-00C04F79EFBC}") = "Hub.Tests", "tests\Hub.Tests\Hub.Tests.csproj", "{0EF06624-8F52-4975-B560-3CF05996877A}"
EndProject
Project("{FAE04EC0-301F-11D3-BF4B-00C04F79EFBC}") = "Tests.Common", "tests\Tests.Common\Tests.Common.csproj", "{4B4EF93D-F9A9-46C0-B2ED-28F78825F4BE}"
EndProject
Project("{FAE04EC0-301F-11D3-BF4B-00C04F79EFBC}") = "Application.Tests", "tests\Application.Tests\Application.Tests.csproj", "{62D6C276-A325-4D6A-A85C-CDEB3499E1AB}"
EndProject
Project("{FAE04EC0-301F-11D3-BF4B-00C04F79EFBC}") = "Infrastructure.Tests", "tests\Infrastructure.Tests\Infrastructure.Tests.csproj", "{1B9862EB-1CC2-4AFE-8D16-3FC658AAA51E}"
EndProject
Global
	GlobalSection(SolutionConfigurationPlatforms) = preSolution
		Debug|Any CPU = Debug|Any CPU
		Release|Any CPU = Release|Any CPU
	EndGlobalSection
	GlobalSection(ProjectConfigurationPlatforms) = postSolution
		{BCC54F37-9208-4BA5-91BF-9EAE18BB6760}.Debug|Any CPU.ActiveCfg = Debug|Any CPU
		{BCC54F37-9208-4BA5-91BF-9EAE18BB6760}.Debug|Any CPU.Build.0 = Debug|Any CPU
		{BCC54F37-9208-4BA5-91BF-9EAE18BB6760}.Release|Any CPU.ActiveCfg = Release|Any CPU
		{BCC54F37-9208-4BA5-91BF-9EAE18BB6760}.Release|Any CPU.Build.0 = Release|Any CPU
		{9AC9B8B8-8F0A-4AD4-A10F-C5030CD2B45F}.Debug|Any CPU.ActiveCfg = Debug|Any CPU
		{9AC9B8B8-8F0A-4AD4-A10F-C5030CD2B45F}.Debug|Any CPU.Build.0 = Debug|Any CPU
		{9AC9B8B8-8F0A-4AD4-A10F-C5030CD2B45F}.Release|Any CPU.ActiveCfg = Release|Any CPU
		{9AC9B8B8-8F0A-4AD4-A10F-C5030CD2B45F}.Release|Any CPU.Build.0 = Release|Any CPU
		{95ECF0C4-2905-4152-8DDD-10615AF7F0DB}.Debug|Any CPU.ActiveCfg = Debug|Any CPU
		{95ECF0C4-2905-4152-8DDD-10615AF7F0DB}.Debug|Any CPU.Build.0 = Debug|Any CPU
		{95ECF0C4-2905-4152-8DDD-10615AF7F0DB}.Release|Any CPU.ActiveCfg = Release|Any CPU
		{95ECF0C4-2905-4152-8DDD-10615AF7F0DB}.Release|Any CPU.Build.0 = Release|Any CPU
		{EBCFFBA5-2CF2-449A-AB37-6023C971F75B}.Debug|Any CPU.ActiveCfg = Debug|Any CPU
		{EBCFFBA5-2CF2-449A-AB37-6023C971F75B}.Debug|Any CPU.Build.0 = Debug|Any CPU
		{EBCFFBA5-2CF2-449A-AB37-6023C971F75B}.Release|Any CPU.ActiveCfg = Release|Any CPU
		{EBCFFBA5-2CF2-449A-AB37-6023C971F75B}.Release|Any CPU.Build.0 = Release|Any CPU
		{0EF06624-8F52-4975-B560-3CF05996877A}.Debug|Any CPU.ActiveCfg = Debug|Any CPU
		{0EF06624-8F52-4975-B560-3CF05996877A}.Debug|Any CPU.Build.0 = Debug|Any CPU
		{0EF06624-8F52-4975-B560-3CF05996877A}.Release|Any CPU.ActiveCfg = Release|Any CPU
		{0EF06624-8F52-4975-B560-3CF05996877A}.Release|Any CPU.Build.0 = Release|Any CPU
		{4B4EF93D-F9A9-46C0-B2ED-28F78825F4BE}.Debug|Any CPU.ActiveCfg = Debug|Any CPU
		{4B4EF93D-F9A9-46C0-B2ED-28F78825F4BE}.Debug|Any CPU.Build.0 = Debug|Any CPU
		{4B4EF93D-F9A9-46C0-B2ED-28F78825F4BE}.Release|Any CPU.ActiveCfg = Release|Any CPU
		{4B4EF93D-F9A9-46C0-B2ED-28F78825F4BE}.Release|Any CPU.Build.0 = Release|Any CPU
		{62D6C276-A325-4D6A-A85C-CDEB3499E1AB}.Debug|Any CPU.ActiveCfg = Debug|Any CPU
		{62D6C276-A325-4D6A-A85C-CDEB3499E1AB}.Debug|Any CPU.Build.0 = Debug|Any CPU
		{62D6C276-A325-4D6A-A85C-CDEB3499E1AB}.Release|Any CPU.ActiveCfg = Release|Any CPU
		{62D6C276-A325-4D6A-A85C-CDEB3499E1AB}.Release|Any CPU.Build.0 = Release|Any CPU
		{1B9862EB-1CC2-4AFE-8D16-3FC658AAA51E}.Debug|Any CPU.ActiveCfg = Debug|Any CPU
		{1B9862EB-1CC2-4AFE-8D16-3FC658AAA51E}.Debug|Any CPU.Build.0 = Debug|Any CPU
		{1B9862EB-1CC2-4AFE-8D16-3FC658AAA51E}.Release|Any CPU.ActiveCfg = Release|Any CPU
		{1B9862EB-1CC2-4AFE-8D16-3FC658AAA51E}.Release|Any CPU.Build.0 = Release|Any CPU
	EndGlobalSection
	GlobalSection(NestedProjects) = preSolution
		{BCC54F37-9208-4BA5-91BF-9EAE18BB6760} = {D2A4CF1C-A976-4B16-B129-E7FFFA03ED88}
		{95ECF0C4-2905-4152-8DDD-10615AF7F0DB} = {D2A4CF1C-A976-4B16-B129-E7FFFA03ED88}
		{9AC9B8B8-8F0A-4AD4-A10F-C5030CD2B45F} = {D2A4CF1C-A976-4B16-B129-E7FFFA03ED88}
		{EBCFFBA5-2CF2-449A-AB37-6023C971F75B} = {D2A4CF1C-A976-4B16-B129-E7FFFA03ED88}
		{0EF06624-8F52-4975-B560-3CF05996877A} = {E176A43B-5EA6-4E91-98E3-F0307A3717CE}
		{4B4EF93D-F9A9-46C0-B2ED-28F78825F4BE} = {E176A43B-5EA6-4E91-98E3-F0307A3717CE}
		{62D6C276-A325-4D6A-A85C-CDEB3499E1AB} = {E176A43B-5EA6-4E91-98E3-F0307A3717CE}
		{1B9862EB-1CC2-4AFE-8D16-3FC658AAA51E} = {E176A43B-5EA6-4E91-98E3-F0307A3717CE}
	EndGlobalSection
EndGlobal
